PODS:
  - Expression (0.7.1)
  - Layout (0.3.5):
    - Layout/Core (= 0.3.5)
  - Layout/Core (0.3.5):
    - Expression (~> 0.7.1)

DEPENDENCIES:
  - Expression
  - Layout (from `.`)

EXTERNAL SOURCES:
  Layout:
    :path: .

SPEC CHECKSUMS:
  Expression: 82db3cf6e9df6a4742d33330b7589964b280a4f3
  Layout: 3ebcced0523226469fad6680d823008dd3ee493c

PODFILE CHECKSUM: 4d5da174d4bbb4e4dc0abe767f13cda099426d84

COCOAPODS: 1.2.1
