PODS:
  - Expression (0.7.0)
  - Layout (0.3.4):
    - Layout/Core (= 0.3.4)
  - Layout/Core (0.3.4):
    - Expression (~> 0.7.0)

DEPENDENCIES:
  - Expression
  - Layout (from `.`)

EXTERNAL SOURCES:
  Layout:
    :path: .

SPEC CHECKSUMS:
  Expression: 58438d38e484a565be5ebc34e76f12f629132989
  Layout: 90afe9b529fac076576d82fc8f592fe0b365da85

PODFILE CHECKSUM: 4d5da174d4bbb4e4dc0abe767f13cda099426d84

COCOAPODS: 1.2.1
