PODS:
  - Expression (0.5.0)
  - Layout (0.2.2):
    - Expression (~> 0.5.0)

DEPENDENCIES:
  - Layout (from `../`)

EXTERNAL SOURCES:
  Layout:
    :path: ../

SPEC CHECKSUMS:
  Expression: 269b3d7498145165b80444a358df570f9bbc68e0
  Layout: aed5128d1cc0cbea6c945047739ae99414908877

PODFILE CHECKSUM: de763472315fa391cbc8751113c14e4ffd2dd3fe

COCOAPODS: 1.2.1
