PODS:
  - Expression (0.6.1)
  - Layout (0.2.2):
    - Expression (~> 0.6.1)

DEPENDENCIES:
  - Layout (from `../`)

EXTERNAL SOURCES:
  Layout:
    :path: ../

SPEC CHECKSUMS:
  Expression: c31b1dbe6331efe83efd411a6e671eff4a54e8dd
  Layout: 8cd23760e8a7a7aa2b9158f6da0d0b90bfe41fe2

PODFILE CHECKSUM: de763472315fa391cbc8751113c14e4ffd2dd3fe

COCOAPODS: 1.2.1
