// !$*UTF8*$!
{
	archiveVersion = 1;
	classes = {
	};
	objectVersion = 46;
	objects = {

/* Begin PBXBuildFile section */
		01128E3D1EBC95C3007AEB0D /* UIViewController+Layout.swift in Sources */ = {isa = PBXBuildFile; fileRef = 01128E3C1EBC95C3007AEB0D /* UIViewController+Layout.swift */; };
		015372411EC0CDD60025FBF0 /* AnyExpression.swift in Sources */ = {isa = PBXBuildFile; fileRef = 015372401EC0CDD60025FBF0 /* AnyExpression.swift */; };
		016BC2961EC6E3E9009759A4 /* LayoutLoader.swift in Sources */ = {isa = PBXBuildFile; fileRef = 016BC2951EC6E3E9009759A4 /* LayoutLoader.swift */; };
		016BC2981EC6E43C009759A4 /* AnyExpressionTests.swift in Sources */ = {isa = PBXBuildFile; fileRef = 016BC2971EC6E43C009759A4 /* AnyExpressionTests.swift */; };
		0186B27E1EB1D5F9008A6E5A /* LayoutNode+XML.swift in Sources */ = {isa = PBXBuildFile; fileRef = 0186B27D1EB1D5F9008A6E5A /* LayoutNode+XML.swift */; };
		0186B2821EB1E4D7008A6E5A /* LayoutError.swift in Sources */ = {isa = PBXBuildFile; fileRef = 0186B2811EB1E4D7008A6E5A /* LayoutError.swift */; };
		0186B2861EB24982008A6E5A /* LayoutViewController.swift in Sources */ = {isa = PBXBuildFile; fileRef = 0186B2851EB24982008A6E5A /* LayoutViewController.swift */; };
		01B36DC51ECC452100D0DA01 /* FontExpressionTests.swift in Sources */ = {isa = PBXBuildFile; fileRef = 01B36DC41ECC452100D0DA01 /* FontExpressionTests.swift */; };
		01DA955E1EABC1E400868113 /* Layout.framework in Frameworks */ = {isa = PBXBuildFile; fileRef = 01DA95541EABC1E300868113 /* Layout.framework */; };
		01DA95631EABC1E400868113 /* LayoutTests.swift in Sources */ = {isa = PBXBuildFile; fileRef = 01DA95621EABC1E400868113 /* LayoutTests.swift */; };
		01DA95651EABC1E400868113 /* Layout.h in Headers */ = {isa = PBXBuildFile; fileRef = 01DA95571EABC1E300868113 /* Layout.h */; settings = {ATTRIBUTES = (Public, ); }; };
		01DA95781EABC27600868113 /* LayoutNode.swift in Sources */ = {isa = PBXBuildFile; fileRef = 01DA95771EABC27600868113 /* LayoutNode.swift */; };
		01DA957C1EABF41900868113 /* LayoutExpression.swift in Sources */ = {isa = PBXBuildFile; fileRef = 01DA957B1EABF41900868113 /* LayoutExpression.swift */; };
		01DA95871EABFF5F00868113 /* Expression.framework in Frameworks */ = {isa = PBXBuildFile; fileRef = 01DA95861EABFF5F00868113 /* Expression.framework */; };
		01DA95901EB0A3A700868113 /* Properties.swift in Sources */ = {isa = PBXBuildFile; fileRef = 01DA958F1EB0A3A700868113 /* Properties.swift */; };
		01DA95921EB0A8FA00868113 /* UIView+Layout.swift in Sources */ = {isa = PBXBuildFile; fileRef = 01DA95911EB0A8FA00868113 /* UIView+Layout.swift */; };
		3B031328AF75A8ED9FCB2B3F /* Pods_LayoutTests.framework in Frameworks */ = {isa = PBXBuildFile; fileRef = 05DA996CC29E3F6DB7194413 /* Pods_LayoutTests.framework */; };
		B4894CA7E72E6E0505B7527C /* Pods_Layout.framework in Frameworks */ = {isa = PBXBuildFile; fileRef = 4118130BF7EC77593CF35CF1 /* Pods_Layout.framework */; };
/* End PBXBuildFile section */

/* Begin PBXContainerItemProxy section */
		01DA955F1EABC1E400868113 /* PBXContainerItemProxy */ = {
			isa = PBXContainerItemProxy;
			containerPortal = 01DA954B1EABC1E300868113 /* Project object */;
			proxyType = 1;
			remoteGlobalIDString = 01DA95531EABC1E300868113;
			remoteInfo = Layout;
		};
/* End PBXContainerItemProxy section */

/* Begin PBXFileReference section */
		01128E3C1EBC95C3007AEB0D /* UIViewController+Layout.swift */ = {isa = PBXFileReference; fileEncoding = 4; lastKnownFileType = sourcecode.swift; path = "UIViewController+Layout.swift"; sourceTree = "<group>"; };
		015372401EC0CDD60025FBF0 /* AnyExpression.swift */ = {isa = PBXFileReference; fileEncoding = 4; lastKnownFileType = sourcecode.swift; path = AnyExpression.swift; sourceTree = "<group>"; };
		016BC2951EC6E3E9009759A4 /* LayoutLoader.swift */ = {isa = PBXFileReference; fileEncoding = 4; lastKnownFileType = sourcecode.swift; path = LayoutLoader.swift; sourceTree = "<group>"; };
		016BC2971EC6E43C009759A4 /* AnyExpressionTests.swift */ = {isa = PBXFileReference; fileEncoding = 4; lastKnownFileType = sourcecode.swift; path = AnyExpressionTests.swift; sourceTree = "<group>"; };
		0186B27D1EB1D5F9008A6E5A /* LayoutNode+XML.swift */ = {isa = PBXFileReference; fileEncoding = 4; lastKnownFileType = sourcecode.swift; path = "LayoutNode+XML.swift"; sourceTree = "<group>"; };
		0186B2811EB1E4D7008A6E5A /* LayoutError.swift */ = {isa = PBXFileReference; fileEncoding = 4; lastKnownFileType = sourcecode.swift; path = LayoutError.swift; sourceTree = "<group>"; };
		0186B2851EB24982008A6E5A /* LayoutViewController.swift */ = {isa = PBXFileReference; fileEncoding = 4; lastKnownFileType = sourcecode.swift; path = LayoutViewController.swift; sourceTree = "<group>"; };
		01B36DC41ECC452100D0DA01 /* FontExpressionTests.swift */ = {isa = PBXFileReference; fileEncoding = 4; lastKnownFileType = sourcecode.swift; path = FontExpressionTests.swift; sourceTree = "<group>"; };
		01DA95541EABC1E300868113 /* Layout.framework */ = {isa = PBXFileReference; explicitFileType = wrapper.framework; includeInIndex = 0; path = Layout.framework; sourceTree = BUILT_PRODUCTS_DIR; };
		01DA95571EABC1E300868113 /* Layout.h */ = {isa = PBXFileReference; lastKnownFileType = sourcecode.c.h; path = Layout.h; sourceTree = "<group>"; };
		01DA95581EABC1E300868113 /* Info.plist */ = {isa = PBXFileReference; lastKnownFileType = text.plist.xml; path = Info.plist; sourceTree = "<group>"; };
		01DA955D1EABC1E400868113 /* LayoutTests.xctest */ = {isa = PBXFileReference; explicitFileType = wrapper.cfbundle; includeInIndex = 0; path = LayoutTests.xctest; sourceTree = BUILT_PRODUCTS_DIR; };
		01DA95621EABC1E400868113 /* LayoutTests.swift */ = {isa = PBXFileReference; lastKnownFileType = sourcecode.swift; path = LayoutTests.swift; sourceTree = "<group>"; };
		01DA95641EABC1E400868113 /* Info.plist */ = {isa = PBXFileReference; lastKnownFileType = text.plist.xml; path = Info.plist; sourceTree = "<group>"; };
		01DA95771EABC27600868113 /* LayoutNode.swift */ = {isa = PBXFileReference; fileEncoding = 4; lastKnownFileType = sourcecode.swift; path = LayoutNode.swift; sourceTree = "<group>"; };
		01DA957B1EABF41900868113 /* LayoutExpression.swift */ = {isa = PBXFileReference; fileEncoding = 4; lastKnownFileType = sourcecode.swift; path = LayoutExpression.swift; sourceTree = "<group>"; };
		01DA95861EABFF5F00868113 /* Expression.framework */ = {isa = PBXFileReference; lastKnownFileType = wrapper.framework; name = Expression.framework; path = "../../../Library/Developer/Xcode/DerivedData/Layout-cidlxdzqvadfbngzwtfaldjrmjir/Build/Products/Debug-iphonesimulator/Expression.framework"; sourceTree = "<group>"; };
		01DA958F1EB0A3A700868113 /* Properties.swift */ = {isa = PBXFileReference; fileEncoding = 4; lastKnownFileType = sourcecode.swift; path = Properties.swift; sourceTree = "<group>"; };
		01DA95911EB0A8FA00868113 /* UIView+Layout.swift */ = {isa = PBXFileReference; fileEncoding = 4; lastKnownFileType = sourcecode.swift; path = "UIView+Layout.swift"; sourceTree = "<group>"; };
		05DA996CC29E3F6DB7194413 /* Pods_LayoutTests.framework */ = {isa = PBXFileReference; explicitFileType = wrapper.framework; includeInIndex = 0; path = Pods_LayoutTests.framework; sourceTree = BUILT_PRODUCTS_DIR; };
		112BC42B887D6AFE2BE726FB /* Pods-Layout.release.xcconfig */ = {isa = PBXFileReference; includeInIndex = 1; lastKnownFileType = text.xcconfig; name = "Pods-Layout.release.xcconfig"; path = "Pods/Target Support Files/Pods-Layout/Pods-Layout.release.xcconfig"; sourceTree = "<group>"; };
		185DA1F38D443FD9E7813D30 /* Pods-LayoutTests.release.xcconfig */ = {isa = PBXFileReference; includeInIndex = 1; lastKnownFileType = text.xcconfig; name = "Pods-LayoutTests.release.xcconfig"; path = "Pods/Target Support Files/Pods-LayoutTests/Pods-LayoutTests.release.xcconfig"; sourceTree = "<group>"; };
		24D690DDDBBCC803A84A8627 /* Pods-Layout.debug.xcconfig */ = {isa = PBXFileReference; includeInIndex = 1; lastKnownFileType = text.xcconfig; name = "Pods-Layout.debug.xcconfig"; path = "Pods/Target Support Files/Pods-Layout/Pods-Layout.debug.xcconfig"; sourceTree = "<group>"; };
		4118130BF7EC77593CF35CF1 /* Pods_Layout.framework */ = {isa = PBXFileReference; explicitFileType = wrapper.framework; includeInIndex = 0; path = Pods_Layout.framework; sourceTree = BUILT_PRODUCTS_DIR; };
		9B53EE3DEF4FAF4693F3396E /* Pods-LayoutTests.debug.xcconfig */ = {isa = PBXFileReference; includeInIndex = 1; lastKnownFileType = text.xcconfig; name = "Pods-LayoutTests.debug.xcconfig"; path = "Pods/Target Support Files/Pods-LayoutTests/Pods-LayoutTests.debug.xcconfig"; sourceTree = "<group>"; };
/* End PBXFileReference section */

/* Begin PBXFrameworksBuildPhase section */
		01DA95501EABC1E300868113 /* Frameworks */ = {
			isa = PBXFrameworksBuildPhase;
			buildActionMask = 2147483647;
			files = (
				01DA95871EABFF5F00868113 /* Expression.framework in Frameworks */,
				B4894CA7E72E6E0505B7527C /* Pods_Layout.framework in Frameworks */,
			);
			runOnlyForDeploymentPostprocessing = 0;
		};
		01DA955A1EABC1E400868113 /* Frameworks */ = {
			isa = PBXFrameworksBuildPhase;
			buildActionMask = 2147483647;
			files = (
				01DA955E1EABC1E400868113 /* Layout.framework in Frameworks */,
				3B031328AF75A8ED9FCB2B3F /* Pods_LayoutTests.framework in Frameworks */,
			);
			runOnlyForDeploymentPostprocessing = 0;
		};
/* End PBXFrameworksBuildPhase section */

/* Begin PBXGroup section */
		01DA954A1EABC1E300868113 = {
			isa = PBXGroup;
			children = (
				01DA95561EABC1E300868113 /* Layout */,
				01DA95611EABC1E400868113 /* LayoutTests */,
				01DA95551EABC1E300868113 /* Products */,
				01DA95851EABFF5F00868113 /* Frameworks */,
				674E0BB82C5CB1407887DA7F /* Pods */,
			);
			sourceTree = "<group>";
		};
		01DA95551EABC1E300868113 /* Products */ = {
			isa = PBXGroup;
			children = (
				01DA95541EABC1E300868113 /* Layout.framework */,
				01DA955D1EABC1E400868113 /* LayoutTests.xctest */,
			);
			name = Products;
			sourceTree = "<group>";
		};
		01DA95561EABC1E300868113 /* Layout */ = {
			isa = PBXGroup;
			children = (
				015372401EC0CDD60025FBF0 /* AnyExpression.swift */,
				01DA958F1EB0A3A700868113 /* Properties.swift */,
				0186B2811EB1E4D7008A6E5A /* LayoutError.swift */,
				016BC2951EC6E3E9009759A4 /* LayoutLoader.swift */,
				01DA95771EABC27600868113 /* LayoutNode.swift */,
				01DA957B1EABF41900868113 /* LayoutExpression.swift */,
				0186B27D1EB1D5F9008A6E5A /* LayoutNode+XML.swift */,
				0186B2851EB24982008A6E5A /* LayoutViewController.swift */,
				01DA95911EB0A8FA00868113 /* UIView+Layout.swift */,
				01128E3C1EBC95C3007AEB0D /* UIViewController+Layout.swift */,
				01DA95571EABC1E300868113 /* Layout.h */,
				01DA95581EABC1E300868113 /* Info.plist */,
			);
			path = Layout;
			sourceTree = "<group>";
		};
		01DA95611EABC1E400868113 /* LayoutTests */ = {
			isa = PBXGroup;
			children = (
				016BC2971EC6E43C009759A4 /* AnyExpressionTests.swift */,
				01B36DC41ECC452100D0DA01 /* FontExpressionTests.swift */,
				01DA95621EABC1E400868113 /* LayoutTests.swift */,
				01DA95641EABC1E400868113 /* Info.plist */,
			);
			path = LayoutTests;
			sourceTree = "<group>";
		};
		01DA95851EABFF5F00868113 /* Frameworks */ = {
			isa = PBXGroup;
			children = (
				01DA95861EABFF5F00868113 /* Expression.framework */,
				4118130BF7EC77593CF35CF1 /* Pods_Layout.framework */,
				05DA996CC29E3F6DB7194413 /* Pods_LayoutTests.framework */,
			);
			name = Frameworks;
			sourceTree = "<group>";
		};
		674E0BB82C5CB1407887DA7F /* Pods */ = {
			isa = PBXGroup;
			children = (
				24D690DDDBBCC803A84A8627 /* Pods-Layout.debug.xcconfig */,
				112BC42B887D6AFE2BE726FB /* Pods-Layout.release.xcconfig */,
				9B53EE3DEF4FAF4693F3396E /* Pods-LayoutTests.debug.xcconfig */,
				185DA1F38D443FD9E7813D30 /* Pods-LayoutTests.release.xcconfig */,
			);
			name = Pods;
			sourceTree = "<group>";
		};
/* End PBXGroup section */

/* Begin PBXHeadersBuildPhase section */
		01DA95511EABC1E300868113 /* Headers */ = {
			isa = PBXHeadersBuildPhase;
			buildActionMask = 2147483647;
			files = (
				01DA95651EABC1E400868113 /* Layout.h in Headers */,
			);
			runOnlyForDeploymentPostprocessing = 0;
		};
/* End PBXHeadersBuildPhase section */

/* Begin PBXNativeTarget section */
		01DA95531EABC1E300868113 /* Layout */ = {
			isa = PBXNativeTarget;
			buildConfigurationList = 01DA95681EABC1E400868113 /* Build configuration list for PBXNativeTarget "Layout" */;
			buildPhases = (
				853F6202AD57DBAE95243F57 /* [CP] Check Pods Manifest.lock */,
				01DA954F1EABC1E300868113 /* Sources */,
				01DA95501EABC1E300868113 /* Frameworks */,
				01DA95511EABC1E300868113 /* Headers */,
				01DA95521EABC1E300868113 /* Resources */,
				59B2519DB5ED527E61DD1777 /* [CP] Copy Pods Resources */,
			);
			buildRules = (
			);
			dependencies = (
			);
			name = Layout;
			productName = Layout;
			productReference = 01DA95541EABC1E300868113 /* Layout.framework */;
			productType = "com.apple.product-type.framework";
		};
		01DA955C1EABC1E400868113 /* LayoutTests */ = {
			isa = PBXNativeTarget;
			buildConfigurationList = 01DA956B1EABC1E400868113 /* Build configuration list for PBXNativeTarget "LayoutTests" */;
			buildPhases = (
				61B12930C66C9CE0EA559DA1 /* [CP] Check Pods Manifest.lock */,
				01DA95591EABC1E400868113 /* Sources */,
				01DA955A1EABC1E400868113 /* Frameworks */,
				01DA955B1EABC1E400868113 /* Resources */,
				3149E54AFDBF7AF3A2DAD716 /* [CP] Embed Pods Frameworks */,
				533ABC3801D06765EFC4091A /* [CP] Copy Pods Resources */,
			);
			buildRules = (
			);
			dependencies = (
				01DA95601EABC1E400868113 /* PBXTargetDependency */,
			);
			name = LayoutTests;
			productName = LayoutTests;
			productReference = 01DA955D1EABC1E400868113 /* LayoutTests.xctest */;
			productType = "com.apple.product-type.bundle.unit-test";
		};
/* End PBXNativeTarget section */

/* Begin PBXProject section */
		01DA954B1EABC1E300868113 /* Project object */ = {
			isa = PBXProject;
			attributes = {
				LastSwiftUpdateCheck = 0830;
				LastUpgradeCheck = 0830;
				ORGANIZATIONNAME = "Nick Lockwood";
				TargetAttributes = {
					01DA95531EABC1E300868113 = {
						CreatedOnToolsVersion = 8.3.2;
						DevelopmentTeam = 8VQKF583ED;
						LastSwiftMigration = 0830;
						ProvisioningStyle = Automatic;
					};
					01DA955C1EABC1E400868113 = {
						CreatedOnToolsVersion = 8.3.2;
						DevelopmentTeam = 8VQKF583ED;
						ProvisioningStyle = Automatic;
					};
				};
			};
			buildConfigurationList = 01DA954E1EABC1E300868113 /* Build configuration list for PBXProject "Layout" */;
			compatibilityVersion = "Xcode 3.2";
			developmentRegion = English;
			hasScannedForEncodings = 0;
			knownRegions = (
				en,
			);
			mainGroup = 01DA954A1EABC1E300868113;
			productRefGroup = 01DA95551EABC1E300868113 /* Products */;
			projectDirPath = "";
			projectRoot = "";
			targets = (
				01DA95531EABC1E300868113 /* Layout */,
				01DA955C1EABC1E400868113 /* LayoutTests */,
			);
		};
/* End PBXProject section */

/* Begin PBXResourcesBuildPhase section */
		01DA95521EABC1E300868113 /* Resources */ = {
			isa = PBXResourcesBuildPhase;
			buildActionMask = 2147483647;
			files = (
			);
			runOnlyForDeploymentPostprocessing = 0;
		};
		01DA955B1EABC1E400868113 /* Resources */ = {
			isa = PBXResourcesBuildPhase;
			buildActionMask = 2147483647;
			files = (
			);
			runOnlyForDeploymentPostprocessing = 0;
		};
/* End PBXResourcesBuildPhase section */

/* Begin PBXShellScriptBuildPhase section */
		3149E54AFDBF7AF3A2DAD716 /* [CP] Embed Pods Frameworks */ = {
			isa = PBXShellScriptBuildPhase;
			buildActionMask = 2147483647;
			files = (
			);
			inputPaths = (
			);
			name = "[CP] Embed Pods Frameworks";
			outputPaths = (
			);
			runOnlyForDeploymentPostprocessing = 0;
			shellPath = /bin/sh;
			shellScript = "\"${SRCROOT}/Pods/Target Support Files/Pods-LayoutTests/Pods-LayoutTests-frameworks.sh\"\n";
			showEnvVarsInLog = 0;
		};
		533ABC3801D06765EFC4091A /* [CP] Copy Pods Resources */ = {
			isa = PBXShellScriptBuildPhase;
			buildActionMask = 2147483647;
			files = (
			);
			inputPaths = (
			);
			name = "[CP] Copy Pods Resources";
			outputPaths = (
			);
			runOnlyForDeploymentPostprocessing = 0;
			shellPath = /bin/sh;
			shellScript = "\"${SRCROOT}/Pods/Target Support Files/Pods-LayoutTests/Pods-LayoutTests-resources.sh\"\n";
			showEnvVarsInLog = 0;
		};
		59B2519DB5ED527E61DD1777 /* [CP] Copy Pods Resources */ = {
			isa = PBXShellScriptBuildPhase;
			buildActionMask = 2147483647;
			files = (
			);
			inputPaths = (
			);
			name = "[CP] Copy Pods Resources";
			outputPaths = (
			);
			runOnlyForDeploymentPostprocessing = 0;
			shellPath = /bin/sh;
			shellScript = "\"${SRCROOT}/Pods/Target Support Files/Pods-Layout/Pods-Layout-resources.sh\"\n";
			showEnvVarsInLog = 0;
		};
		61B12930C66C9CE0EA559DA1 /* [CP] Check Pods Manifest.lock */ = {
			isa = PBXShellScriptBuildPhase;
			buildActionMask = 2147483647;
			files = (
			);
			inputPaths = (
			);
			name = "[CP] Check Pods Manifest.lock";
			outputPaths = (
			);
			runOnlyForDeploymentPostprocessing = 0;
			shellPath = /bin/sh;
			shellScript = "diff \"${PODS_PODFILE_DIR_PATH}/Podfile.lock\" \"${PODS_ROOT}/Manifest.lock\" > /dev/null\nif [ $? != 0 ] ; then\n    # print error to STDERR\n    echo \"error: The sandbox is not in sync with the Podfile.lock. Run 'pod install' or update your CocoaPods installation.\" >&2\n    exit 1\nfi\n";
			showEnvVarsInLog = 0;
		};
		853F6202AD57DBAE95243F57 /* [CP] Check Pods Manifest.lock */ = {
			isa = PBXShellScriptBuildPhase;
			buildActionMask = 2147483647;
			files = (
			);
			inputPaths = (
			);
			name = "[CP] Check Pods Manifest.lock";
			outputPaths = (
			);
			runOnlyForDeploymentPostprocessing = 0;
			shellPath = /bin/sh;
			shellScript = "diff \"${PODS_PODFILE_DIR_PATH}/Podfile.lock\" \"${PODS_ROOT}/Manifest.lock\" > /dev/null\nif [ $? != 0 ] ; then\n    # print error to STDERR\n    echo \"error: The sandbox is not in sync with the Podfile.lock. Run 'pod install' or update your CocoaPods installation.\" >&2\n    exit 1\nfi\n";
			showEnvVarsInLog = 0;
		};
/* End PBXShellScriptBuildPhase section */

/* Begin PBXSourcesBuildPhase section */
		01DA954F1EABC1E300868113 /* Sources */ = {
			isa = PBXSourcesBuildPhase;
			buildActionMask = 2147483647;
			files = (
				015372411EC0CDD60025FBF0 /* AnyExpression.swift in Sources */,
				01DA95921EB0A8FA00868113 /* UIView+Layout.swift in Sources */,
				01DA95901EB0A3A700868113 /* Properties.swift in Sources */,
				0186B2861EB24982008A6E5A /* LayoutViewController.swift in Sources */,
				0186B27E1EB1D5F9008A6E5A /* LayoutNode+XML.swift in Sources */,
				01DA95781EABC27600868113 /* LayoutNode.swift in Sources */,
				0186B2821EB1E4D7008A6E5A /* LayoutError.swift in Sources */,
				01128E3D1EBC95C3007AEB0D /* UIViewController+Layout.swift in Sources */,
				016BC2961EC6E3E9009759A4 /* LayoutLoader.swift in Sources */,
				01DA957C1EABF41900868113 /* LayoutExpression.swift in Sources */,
			);
			runOnlyForDeploymentPostprocessing = 0;
		};
		01DA95591EABC1E400868113 /* Sources */ = {
			isa = PBXSourcesBuildPhase;
			buildActionMask = 2147483647;
			files = (
				016BC2981EC6E43C009759A4 /* AnyExpressionTests.swift in Sources */,
				01B36DC51ECC452100D0DA01 /* FontExpressionTests.swift in Sources */,
				01DA95631EABC1E400868113 /* LayoutTests.swift in Sources */,
			);
			runOnlyForDeploymentPostprocessing = 0;
		};
/* End PBXSourcesBuildPhase section */

/* Begin PBXTargetDependency section */
		01DA95601EABC1E400868113 /* PBXTargetDependency */ = {
			isa = PBXTargetDependency;
			target = 01DA95531EABC1E300868113 /* Layout */;
			targetProxy = 01DA955F1EABC1E400868113 /* PBXContainerItemProxy */;
		};
/* End PBXTargetDependency section */

/* Begin XCBuildConfiguration section */
		01DA95661EABC1E400868113 /* Debug */ = {
			isa = XCBuildConfiguration;
			buildSettings = {
				ALWAYS_SEARCH_USER_PATHS = NO;
				CLANG_ANALYZER_NONNULL = YES;
				CLANG_ANALYZER_NUMBER_OBJECT_CONVERSION = YES_AGGRESSIVE;
				CLANG_CXX_LANGUAGE_STANDARD = "gnu++0x";
				CLANG_CXX_LIBRARY = "libc++";
				CLANG_ENABLE_MODULES = YES;
				CLANG_ENABLE_OBJC_ARC = YES;
				CLANG_WARN_BOOL_CONVERSION = YES;
				CLANG_WARN_CONSTANT_CONVERSION = YES;
				CLANG_WARN_DIRECT_OBJC_ISA_USAGE = YES_ERROR;
				CLANG_WARN_DOCUMENTATION_COMMENTS = YES;
				CLANG_WARN_EMPTY_BODY = YES;
				CLANG_WARN_ENUM_CONVERSION = YES;
				CLANG_WARN_INFINITE_RECURSION = YES;
				CLANG_WARN_INT_CONVERSION = YES;
				CLANG_WARN_OBJC_ROOT_CLASS = YES_ERROR;
				CLANG_WARN_SUSPICIOUS_MOVE = YES;
				CLANG_WARN_UNREACHABLE_CODE = YES;
				CLANG_WARN__DUPLICATE_METHOD_MATCH = YES;
				"CODE_SIGN_IDENTITY[sdk=iphoneos*]" = "iPhone Developer";
				COPY_PHASE_STRIP = NO;
				CURRENT_PROJECT_VERSION = 1;
				DEBUG_INFORMATION_FORMAT = dwarf;
				ENABLE_STRICT_OBJC_MSGSEND = YES;
				ENABLE_TESTABILITY = YES;
				GCC_C_LANGUAGE_STANDARD = gnu99;
				GCC_DYNAMIC_NO_PIC = NO;
				GCC_NO_COMMON_BLOCKS = YES;
				GCC_OPTIMIZATION_LEVEL = 0;
				GCC_PREPROCESSOR_DEFINITIONS = (
					"DEBUG=1",
					"$(inherited)",
				);
				GCC_WARN_64_TO_32_BIT_CONVERSION = YES;
				GCC_WARN_ABOUT_RETURN_TYPE = YES_ERROR;
				GCC_WARN_UNDECLARED_SELECTOR = YES;
				GCC_WARN_UNINITIALIZED_AUTOS = YES_AGGRESSIVE;
				GCC_WARN_UNUSED_FUNCTION = YES;
				GCC_WARN_UNUSED_VARIABLE = YES;
				IPHONEOS_DEPLOYMENT_TARGET = 9.0;
				MTL_ENABLE_DEBUG_INFO = YES;
				ONLY_ACTIVE_ARCH = YES;
				SDKROOT = iphoneos;
				SWIFT_ACTIVE_COMPILATION_CONDITIONS = DEBUG;
				SWIFT_OPTIMIZATION_LEVEL = "-Onone";
				TARGETED_DEVICE_FAMILY = "1,2";
				VERSIONING_SYSTEM = "apple-generic";
				VERSION_INFO_PREFIX = "";
			};
			name = Debug;
		};
		01DA95671EABC1E400868113 /* Release */ = {
			isa = XCBuildConfiguration;
			buildSettings = {
				ALWAYS_SEARCH_USER_PATHS = NO;
				CLANG_ANALYZER_NONNULL = YES;
				CLANG_ANALYZER_NUMBER_OBJECT_CONVERSION = YES_AGGRESSIVE;
				CLANG_CXX_LANGUAGE_STANDARD = "gnu++0x";
				CLANG_CXX_LIBRARY = "libc++";
				CLANG_ENABLE_MODULES = YES;
				CLANG_ENABLE_OBJC_ARC = YES;
				CLANG_WARN_BOOL_CONVERSION = YES;
				CLANG_WARN_CONSTANT_CONVERSION = YES;
				CLANG_WARN_DIRECT_OBJC_ISA_USAGE = YES_ERROR;
				CLANG_WARN_DOCUMENTATION_COMMENTS = YES;
				CLANG_WARN_EMPTY_BODY = YES;
				CLANG_WARN_ENUM_CONVERSION = YES;
				CLANG_WARN_INFINITE_RECURSION = YES;
				CLANG_WARN_INT_CONVERSION = YES;
				CLANG_WARN_OBJC_ROOT_CLASS = YES_ERROR;
				CLANG_WARN_SUSPICIOUS_MOVE = YES;
				CLANG_WARN_UNREACHABLE_CODE = YES;
				CLANG_WARN__DUPLICATE_METHOD_MATCH = YES;
				"CODE_SIGN_IDENTITY[sdk=iphoneos*]" = "iPhone Developer";
				COPY_PHASE_STRIP = NO;
				CURRENT_PROJECT_VERSION = 1;
				DEBUG_INFORMATION_FORMAT = "dwarf-with-dsym";
				ENABLE_NS_ASSERTIONS = NO;
				ENABLE_STRICT_OBJC_MSGSEND = YES;
				GCC_C_LANGUAGE_STANDARD = gnu99;
				GCC_NO_COMMON_BLOCKS = YES;
				GCC_WARN_64_TO_32_BIT_CONVERSION = YES;
				GCC_WARN_ABOUT_RETURN_TYPE = YES_ERROR;
				GCC_WARN_UNDECLARED_SELECTOR = YES;
				GCC_WARN_UNINITIALIZED_AUTOS = YES_AGGRESSIVE;
				GCC_WARN_UNUSED_FUNCTION = YES;
				GCC_WARN_UNUSED_VARIABLE = YES;
				IPHONEOS_DEPLOYMENT_TARGET = 9.0;
				MTL_ENABLE_DEBUG_INFO = NO;
				SDKROOT = iphoneos;
				SWIFT_OPTIMIZATION_LEVEL = "-Owholemodule";
				TARGETED_DEVICE_FAMILY = "1,2";
				VALIDATE_PRODUCT = YES;
				VERSIONING_SYSTEM = "apple-generic";
				VERSION_INFO_PREFIX = "";
			};
			name = Release;
		};
		01DA95691EABC1E400868113 /* Debug */ = {
			isa = XCBuildConfiguration;
			baseConfigurationReference = 24D690DDDBBCC803A84A8627 /* Pods-Layout.debug.xcconfig */;
			buildSettings = {
				CLANG_ENABLE_MODULES = YES;
				CODE_SIGN_IDENTITY = "";
				DEFINES_MODULE = YES;
				DEVELOPMENT_TEAM = 8VQKF583ED;
				DYLIB_COMPATIBILITY_VERSION = 1;
				DYLIB_CURRENT_VERSION = 1;
				DYLIB_INSTALL_NAME_BASE = "@rpath";
				INFOPLIST_FILE = Layout/Info.plist;
				INSTALL_PATH = "$(LOCAL_LIBRARY_DIR)/Frameworks";
				LD_RUNPATH_SEARCH_PATHS = "$(inherited) @executable_path/Frameworks @loader_path/Frameworks";
				PRODUCT_BUNDLE_IDENTIFIER = com.Layout;
				PRODUCT_NAME = "$(TARGET_NAME)";
				SKIP_INSTALL = YES;
				SWIFT_OPTIMIZATION_LEVEL = "-Onone";
				SWIFT_VERSION = 3.0;
			};
			name = Debug;
		};
		01DA956A1EABC1E400868113 /* Release */ = {
			isa = XCBuildConfiguration;
			baseConfigurationReference = 112BC42B887D6AFE2BE726FB /* Pods-Layout.release.xcconfig */;
			buildSettings = {
				CLANG_ENABLE_MODULES = YES;
				CODE_SIGN_IDENTITY = "";
				DEFINES_MODULE = YES;
				DEVELOPMENT_TEAM = 8VQKF583ED;
				DYLIB_COMPATIBILITY_VERSION = 1;
				DYLIB_CURRENT_VERSION = 1;
				DYLIB_INSTALL_NAME_BASE = "@rpath";
				INFOPLIST_FILE = Layout/Info.plist;
				INSTALL_PATH = "$(LOCAL_LIBRARY_DIR)/Frameworks";
				LD_RUNPATH_SEARCH_PATHS = "$(inherited) @executable_path/Frameworks @loader_path/Frameworks";
				PRODUCT_BUNDLE_IDENTIFIER = com.Layout;
				PRODUCT_NAME = "$(TARGET_NAME)";
				SKIP_INSTALL = YES;
				SWIFT_VERSION = 3.0;
			};
			name = Release;
		};
		01DA956C1EABC1E400868113 /* Debug */ = {
			isa = XCBuildConfiguration;
			baseConfigurationReference = 9B53EE3DEF4FAF4693F3396E /* Pods-LayoutTests.debug.xcconfig */;
			buildSettings = {
				ALWAYS_EMBED_SWIFT_STANDARD_LIBRARIES = YES;
				DEVELOPMENT_TEAM = 8VQKF583ED;
				INFOPLIST_FILE = LayoutTests/Info.plist;
				LD_RUNPATH_SEARCH_PATHS = "$(inherited) @executable_path/Frameworks @loader_path/Frameworks";
				PRODUCT_BUNDLE_IDENTIFIER = com.LayoutTests;
				PRODUCT_NAME = "$(TARGET_NAME)";
				SWIFT_VERSION = 3.0;
			};
			name = Debug;
		};
		01DA956D1EABC1E400868113 /* Release */ = {
			isa = XCBuildConfiguration;
			baseConfigurationReference = 185DA1F38D443FD9E7813D30 /* Pods-LayoutTests.release.xcconfig */;
			buildSettings = {
				ALWAYS_EMBED_SWIFT_STANDARD_LIBRARIES = YES;
				DEVELOPMENT_TEAM = 8VQKF583ED;
				INFOPLIST_FILE = LayoutTests/Info.plist;
				LD_RUNPATH_SEARCH_PATHS = "$(inherited) @executable_path/Frameworks @loader_path/Frameworks";
				PRODUCT_BUNDLE_IDENTIFIER = com.LayoutTests;
				PRODUCT_NAME = "$(TARGET_NAME)";
				SWIFT_VERSION = 3.0;
			};
			name = Release;
		};
/* End XCBuildConfiguration section */

/* Begin XCConfigurationList section */
		01DA954E1EABC1E300868113 /* Build configuration list for PBXProject "Layout" */ = {
			isa = XCConfigurationList;
			buildConfigurations = (
				01DA95661EABC1E400868113 /* Debug */,
				01DA95671EABC1E400868113 /* Release */,
			);
			defaultConfigurationIsVisible = 0;
			defaultConfigurationName = Release;
		};
		01DA95681EABC1E400868113 /* Build configuration list for PBXNativeTarget "Layout" */ = {
			isa = XCConfigurationList;
			buildConfigurations = (
				01DA95691EABC1E400868113 /* Debug */,
				01DA956A1EABC1E400868113 /* Release */,
			);
			defaultConfigurationIsVisible = 0;
			defaultConfigurationName = Release;
		};
		01DA956B1EABC1E400868113 /* Build configuration list for PBXNativeTarget "LayoutTests" */ = {
			isa = XCConfigurationList;
			buildConfigurations = (
				01DA956C1EABC1E400868113 /* Debug */,
				01DA956D1EABC1E400868113 /* Release */,
			);
			defaultConfigurationIsVisible = 0;
			defaultConfigurationName = Release;
		};
/* End XCConfigurationList section */
	};
	rootObject = 01DA954B1EABC1E300868113 /* Project object */;
}
