PODS:
  - Expression (0.7.0)
  - Layout (0.2.4):
    - Expression (~> 0.7.0)

DEPENDENCIES:
  - Layout (from `../`)

EXTERNAL SOURCES:
  Layout:
    :path: ../

SPEC CHECKSUMS:
  Expression: 58438d38e484a565be5ebc34e76f12f629132989
  Layout: d5995a83e7c2c664367724db7914fdbb292061b9

PODFILE CHECKSUM: 7bc9b0e5723b353706f18c4f2e1588b9a49483d1

COCOAPODS: 1.2.1
