PODS:
  - Expression (0.6.0)
  - Layout (0.2.2):
    - Expression (~> 0.6.0)

DEPENDENCIES:
  - Layout (from `../`)

EXTERNAL SOURCES:
  Layout:
    :path: ../

SPEC CHECKSUMS:
  Expression: 3a1b9fd454590c9b2197721d6c1fe8a22137c592
  Layout: 3d86ec8e96fbad3241d9fffcdacd3e734830025d

PODFILE CHECKSUM: 7bc9b0e5723b353706f18c4f2e1588b9a49483d1

COCOAPODS: 1.2.1
