PODS:
  - Expression (0.7.0)
  - Layout (0.3.0):
    - Expression (~> 0.7.0)

DEPENDENCIES:
  - Layout (from `../`)

EXTERNAL SOURCES:
  Layout:
    :path: ../

SPEC CHECKSUMS:
  Expression: 58438d38e484a565be5ebc34e76f12f629132989
  Layout: a5bf198b7981b18d41fc849cadc1b39864398cde

PODFILE CHECKSUM: 7bc9b0e5723b353706f18c4f2e1588b9a49483d1

COCOAPODS: 1.2.1
