PODS:
  - Expression (0.6.0)
  - Layout (0.2.2):
    - Expression (~> 0.6.0)
  - Northstar (0.0.1)

DEPENDENCIES:
  - Layout (from `../`)
  - Northstar (from `Northstar`)

EXTERNAL SOURCES:
  Layout:
    :path: ../
  Northstar:
    :path: Northstar

SPEC CHECKSUMS:
  Expression: 3a1b9fd454590c9b2197721d6c1fe8a22137c592
  Layout: 3d86ec8e96fbad3241d9fffcdacd3e734830025d
  Northstar: 6eb0ebdb6b4d03b8a201e9de771f6848fc650899

PODFILE CHECKSUM: f8215283a456a0d52cd21807f2f4678a24b1b693

COCOAPODS: 1.2.1
