PODS:
  - Expression (0.7.0)
  - Layout (0.3.0):
    - Expression (~> 0.7.0)
  - Northstar (0.0.1)

DEPENDENCIES:
  - Layout (from `../`)
  - Northstar (from `Northstar`)

EXTERNAL SOURCES:
  Layout:
    :path: ../
  Northstar:
    :path: Northstar

SPEC CHECKSUMS:
  Expression: 58438d38e484a565be5ebc34e76f12f629132989
  Layout: a5bf198b7981b18d41fc849cadc1b39864398cde
  Northstar: 6eb0ebdb6b4d03b8a201e9de771f6848fc650899

PODFILE CHECKSUM: f8215283a456a0d52cd21807f2f4678a24b1b693

COCOAPODS: 1.2.1
