PODS:
  - Expression (0.5.0)
  - Layout (0.2.0):
    - Expression (~> 0.5.0)
  - Northstar (0.0.1)

DEPENDENCIES:
  - Layout (from `../`)
  - Northstar (from `Northstar`)

EXTERNAL SOURCES:
  Layout:
    :path: ../
  Northstar:
    :path: Northstar

SPEC CHECKSUMS:
  Expression: 269b3d7498145165b80444a358df570f9bbc68e0
  Layout: 9bc6e9b40dd6ed6b1a7d4875afdff5ef21d82844
  Northstar: 6eb0ebdb6b4d03b8a201e9de771f6848fc650899

PODFILE CHECKSUM: f8215283a456a0d52cd21807f2f4678a24b1b693

COCOAPODS: 1.2.1
